
Microsoft Visual Studio Solution File, Format Version 12.00
Project("{2150E333-8FDC-42A3-9474-1A3956D46DE8}") = "MeetUp.IdentityService", "MeetUp.IdentityService", "{B0AC178F-9264-467E-8067-64CBC64E5FDA}"
EndProject
Project("{FAE04EC0-301F-11D3-BF4B-00C04F79EFBC}") = "MeetUp.IdentityService.Domain", "MeetUp.IdentityService\MeetUp.IdentityService.Domain\MeetUp.IdentityService.Domain.csproj", "{2E30A9F9-EC93-432F-A826-BFA0226A0C3D}"
EndProject
Project("{FAE04EC0-301F-11D3-BF4B-00C04F79EFBC}") = "MeetUp.IdentityService.Infrastructure", "MeetUp.IdentityService\MeetUp.IdentityService.Infrastructure\MeetUp.IdentityService.Infrastructure.csproj", "{EF609655-9931-4193-990A-3F9B71DE6157}"
EndProject
Project("{FAE04EC0-301F-11D3-BF4B-00C04F79EFBC}") = "MeetUp.IdentityService.Application", "MeetUp.IdentityService\MeetUp.IdentityService.Application\MeetUp.IdentityService.Application.csproj", "{81773A30-A62C-4E78-89E1-DE58EFF3790D}"
EndProject
Project("{FAE04EC0-301F-11D3-BF4B-00C04F79EFBC}") = "MeetUp.IdentityService.Api", "MeetUp.IdentityService\MeetUp.IdentityService.Api\MeetUp.IdentityService.Api.csproj", "{10A8FACA-81FE-4C07-96DA-4537B4DA07C3}"
EndProject
Global
	GlobalSection(SolutionConfigurationPlatforms) = preSolution
		Debug|Any CPU = Debug|Any CPU
		Release|Any CPU = Release|Any CPU
	EndGlobalSection
	GlobalSection(NestedProjects) = preSolution
		{2E30A9F9-EC93-432F-A826-BFA0226A0C3D} = {B0AC178F-9264-467E-8067-64CBC64E5FDA}
		{EF609655-9931-4193-990A-3F9B71DE6157} = {B0AC178F-9264-467E-8067-64CBC64E5FDA}
		{81773A30-A62C-4E78-89E1-DE58EFF3790D} = {B0AC178F-9264-467E-8067-64CBC64E5FDA}
		{10A8FACA-81FE-4C07-96DA-4537B4DA07C3} = {B0AC178F-9264-467E-8067-64CBC64E5FDA}
	EndGlobalSection
	GlobalSection(ProjectConfigurationPlatforms) = postSolution
		{2E30A9F9-EC93-432F-A826-BFA0226A0C3D}.Debug|Any CPU.ActiveCfg = Debug|Any CPU
		{2E30A9F9-EC93-432F-A826-BFA0226A0C3D}.Debug|Any CPU.Build.0 = Debug|Any CPU
		{2E30A9F9-EC93-432F-A826-BFA0226A0C3D}.Release|Any CPU.ActiveCfg = Release|Any CPU
		{2E30A9F9-EC93-432F-A826-BFA0226A0C3D}.Release|Any CPU.Build.0 = Release|Any CPU
		{EF609655-9931-4193-990A-3F9B71DE6157}.Debug|Any CPU.ActiveCfg = Debug|Any CPU
		{EF609655-9931-4193-990A-3F9B71DE6157}.Debug|Any CPU.Build.0 = Debug|Any CPU
		{EF609655-9931-4193-990A-3F9B71DE6157}.Release|Any CPU.ActiveCfg = Release|Any CPU
		{EF609655-9931-4193-990A-3F9B71DE6157}.Release|Any CPU.Build.0 = Release|Any CPU
		{81773A30-A62C-4E78-89E1-DE58EFF3790D}.Debug|Any CPU.ActiveCfg = Debug|Any CPU
		{81773A30-A62C-4E78-89E1-DE58EFF3790D}.Debug|Any CPU.Build.0 = Debug|Any CPU
		{81773A30-A62C-4E78-89E1-DE58EFF3790D}.Release|Any CPU.ActiveCfg = Release|Any CPU
		{81773A30-A62C-4E78-89E1-DE58EFF3790D}.Release|Any CPU.Build.0 = Release|Any CPU
		{10A8FACA-81FE-4C07-96DA-4537B4DA07C3}.Debug|Any CPU.ActiveCfg = Debug|Any CPU
		{10A8FACA-81FE-4C07-96DA-4537B4DA07C3}.Debug|Any CPU.Build.0 = Debug|Any CPU
		{10A8FACA-81FE-4C07-96DA-4537B4DA07C3}.Release|Any CPU.ActiveCfg = Release|Any CPU
		{10A8FACA-81FE-4C07-96DA-4537B4DA07C3}.Release|Any CPU.Build.0 = Release|Any CPU
	EndGlobalSection
EndGlobal
