
Microsoft Visual Studio Solution File, Format Version 12.00
# Visual Studio Version 17
VisualStudioVersion = 17.6.33717.318
MinimumVisualStudioVersion = 10.0.40219.1
Project("{2150E333-8FDC-42A3-9474-1A3956D46DE8}") = "MeetUp.IdentityService", "MeetUp.IdentityService", "{B0AC178F-9264-467E-8067-64CBC64E5FDA}"
EndProject
Project("{9A19103F-16F7-4668-BE54-9A1E7A4F7556}") = "MeetUp.IdentityService.Infrastructure", "MeetUp.IdentityService\MeetUp.IdentityService.Infrastructure\MeetUp.IdentityService.Infrastructure.csproj", "{EF609655-9931-4193-990A-3F9B71DE6157}"
EndProject
Project("{9A19103F-16F7-4668-BE54-9A1E7A4F7556}") = "MeetUp.IdentityService.Application", "MeetUp.IdentityService\MeetUp.IdentityService.Application\MeetUp.IdentityService.Application.csproj", "{81773A30-A62C-4E78-89E1-DE58EFF3790D}"
EndProject
Project("{9A19103F-16F7-4668-BE54-9A1E7A4F7556}") = "MeetUp.IdentityService.Api", "MeetUp.IdentityService\MeetUp.IdentityService.Api\MeetUp.IdentityService.Api.csproj", "{10A8FACA-81FE-4C07-96DA-4537B4DA07C3}"
EndProject
Project("{E53339B2-1760-4266-BCC7-CA923CBCF16C}") = "docker-compose", "docker-compose.dcproj", "{D1638F35-31D7-4023-943B-C8DE7544697F}"
EndProject
Project("{2150E333-8FDC-42A3-9474-1A3956D46DE8}") = "MeetUp.ЕventsService", "MeetUp.ЕventsService", "{A149CCE5-E6A5-4E0E-800D-27B5C8540196}"
EndProject
Project("{9A19103F-16F7-4668-BE54-9A1E7A4F7556}") = "MeetUp.EventsService.Application", "MeetUp.ЕventsService\MeetUp.EventsService.Application\MeetUp.EventsService.Application.csproj", "{43A676F3-3CC5-480C-B7E5-EC402AF0B74D}"
EndProject
Project("{9A19103F-16F7-4668-BE54-9A1E7A4F7556}") = "MeetUp.EventsService.Infrastructure", "MeetUp.ЕventsService\MeetUp.EventsService.Infrastructure\MeetUp.EventsService.Infrastructure.csproj", "{B3038F2A-4D4C-450A-89CF-98948DB50BBB}"
EndProject
Project("{9A19103F-16F7-4668-BE54-9A1E7A4F7556}") = "MeetUp.EventsService.Api", "MeetUp.ЕventsService\MeetUp.EventsService.Api\MeetUp.EventsService.Api.csproj", "{3AE4BC5A-7598-481F-A895-4866F2DB07AE}"
EndProject
Project("{2150E333-8FDC-42A3-9474-1A3956D46DE8}") = "MeetUp.MessageBroker", "MeetUp.MessageBroker", "{68D820D7-F879-4F04-9F5D-B18ED912B506}"
EndProject
Project("{9A19103F-16F7-4668-BE54-9A1E7A4F7556}") = "MeetUp.Kafka", "MeetUp.MessageBroker\MeetUp.Kafka\MeetUp.Kafka.csproj", "{2CA34555-947D-44D9-9BF4-0AF274627AFF}"
EndProject
Project("{2150E333-8FDC-42A3-9474-1A3956D46DE8}") = "MeetUp.Gateway", "MeetUp.Gateway", "{9C9F3A21-A7EE-4063-9E12-9D57559B84AE}"
EndProject
Project("{9A19103F-16F7-4668-BE54-9A1E7A4F7556}") = "MeetUp.Gateway.Api", "MeetUp.Gateway\MeetUp.Gateway\MeetUp.Gateway.Api.csproj", "{705CE489-4D12-415E-8FF5-577EF334EE84}"
EndProject
Project("{2150E333-8FDC-42A3-9474-1A3956D46DE8}") = "MeetUp.CommentsService", "MeetUp.CommentsService", "{BDE5C384-CA1E-43A9-B7B5-B602EFFFB1B4}"
EndProject
Project("{9A19103F-16F7-4668-BE54-9A1E7A4F7556}") = "MeetUp.CommentsService.Infrastructure", "MeetUp.CommentsService\MeetUp.CommentsService.Infrastructure\MeetUp.CommentsService.Infrastructure.csproj", "{F226E26A-3E26-4DD5-A1CB-48A54E78D17D}"
EndProject
Project("{9A19103F-16F7-4668-BE54-9A1E7A4F7556}") = "MeetUp.CommentsService.Application", "MeetUp.CommentsService\MeetUp.CommentsService.Application\MeetUp.CommentsService.Application.csproj", "{AD8AE4D6-8D9F-49ED-A784-5ABF747BEFD4}"
EndProject
Project("{9A19103F-16F7-4668-BE54-9A1E7A4F7556}") = "MeetUp.CommentsService.Api", "MeetUp.CommentsService\MeetUp.CommentsService.Api\MeetUp.CommentsService.Api.csproj", "{40DEE3FF-C449-4270-9C5D-D18C4EC1AB50}"
EndProject
Project("{2150E333-8FDC-42A3-9474-1A3956D46DE8}") = "MeetUp.HangFireSerivce", "MeetUp.HangFireSerivce", "{2FA5321C-1061-4757-9AB7-5ED2D5C67836}"
EndProject
Project("{9A19103F-16F7-4668-BE54-9A1E7A4F7556}") = "MeetUp.HangFireSerivce.Api", "MeetUp.HangFireSerivce\MeetUp.HangFireSerivce.Api\MeetUp.HangFireSerivce.Api.csproj", "{4E8C6EF2-B990-4D0A-891D-379901EFC729}"
EndProject
Project("{9A19103F-16F7-4668-BE54-9A1E7A4F7556}") = "MeetUp.EventsService.Tests", "MeetUp.ЕventsService\MeetUp.EventsService.Tests\MeetUp.EventsService.Tests.csproj", "{91C81B6B-B29A-4150-BF69-C9D24C986C32}"
EndProject
Project("{9A19103F-16F7-4668-BE54-9A1E7A4F7556}") = "MeetUp.HangFireSerivce.Application", "MeetUp.HangFireSerivce\MeetUp.HangFireSerivce.Application\MeetUp.HangFireSerivce.Application.csproj", "{AC476503-C4C2-4409-8580-8423DDA83A61}"
EndProject
Project("{9A19103F-16F7-4668-BE54-9A1E7A4F7556}") = "MeetUp.HangFireSerivce.Infrastructure", "MeetUp.HangFireSerivce\MeetUp.HangFireSerivce.Infrastructure\MeetUp.HangFireSerivce.Infrastructure.csproj", "{5AE26168-8CA4-482A-B864-77ED9CA6E31F}"
EndProject
Project("{9A19103F-16F7-4668-BE54-9A1E7A4F7556}") = "MeetUp.IdentityService.Tests", "MeetUp.IdentityService\MeetUp.IdentityService.Tests\MeetUp.IdentityService.Tests.csproj", "{7AC57948-0EF4-4865-8BF8-2F6CF51961BA}"
EndProject
Project("{9A19103F-16F7-4668-BE54-9A1E7A4F7556}") = "MeetUp.HangFireService.Tests", "MeetUp.HangFireSerivce\MeetUp.HangFireService.Tests\MeetUp.HangFireService.Tests.csproj", "{6F855349-3EE5-42DF-ABB5-8859D40D17FD}"
EndProject
Project("{9A19103F-16F7-4668-BE54-9A1E7A4F7556}") = "MeetUp.Gateway.Tests", "MeetUp.Gateway\MeetUp.Gateway.Tests\MeetUp.Gateway.Tests.csproj", "{4F37C1CB-5466-4C64-B3AE-A17836B271DC}"
EndProject
Project("{9A19103F-16F7-4668-BE54-9A1E7A4F7556}") = "MeetUp.CommentsService.Tests", "MeetUp.CommentsService\MeetUp.CommentsService.Tests\MeetUp.CommentsService.Tests.csproj", "{E27CD802-401B-4A99-97B4-64A06AB2E253}"
EndProject
Global
	GlobalSection(SolutionConfigurationPlatforms) = preSolution
		Debug|Any CPU = Debug|Any CPU
		Release|Any CPU = Release|Any CPU
	EndGlobalSection
	GlobalSection(ProjectConfigurationPlatforms) = postSolution
		{EF609655-9931-4193-990A-3F9B71DE6157}.Debug|Any CPU.ActiveCfg = Debug|Any CPU
		{EF609655-9931-4193-990A-3F9B71DE6157}.Debug|Any CPU.Build.0 = Debug|Any CPU
		{EF609655-9931-4193-990A-3F9B71DE6157}.Release|Any CPU.ActiveCfg = Release|Any CPU
		{EF609655-9931-4193-990A-3F9B71DE6157}.Release|Any CPU.Build.0 = Release|Any CPU
		{81773A30-A62C-4E78-89E1-DE58EFF3790D}.Debug|Any CPU.ActiveCfg = Debug|Any CPU
		{81773A30-A62C-4E78-89E1-DE58EFF3790D}.Debug|Any CPU.Build.0 = Debug|Any CPU
		{81773A30-A62C-4E78-89E1-DE58EFF3790D}.Release|Any CPU.ActiveCfg = Release|Any CPU
		{81773A30-A62C-4E78-89E1-DE58EFF3790D}.Release|Any CPU.Build.0 = Release|Any CPU
		{10A8FACA-81FE-4C07-96DA-4537B4DA07C3}.Debug|Any CPU.ActiveCfg = Debug|Any CPU
		{10A8FACA-81FE-4C07-96DA-4537B4DA07C3}.Debug|Any CPU.Build.0 = Debug|Any CPU
		{10A8FACA-81FE-4C07-96DA-4537B4DA07C3}.Release|Any CPU.ActiveCfg = Release|Any CPU
		{10A8FACA-81FE-4C07-96DA-4537B4DA07C3}.Release|Any CPU.Build.0 = Release|Any CPU
		{D1638F35-31D7-4023-943B-C8DE7544697F}.Debug|Any CPU.ActiveCfg = Debug|Any CPU
		{D1638F35-31D7-4023-943B-C8DE7544697F}.Debug|Any CPU.Build.0 = Debug|Any CPU
		{D1638F35-31D7-4023-943B-C8DE7544697F}.Release|Any CPU.ActiveCfg = Release|Any CPU
		{D1638F35-31D7-4023-943B-C8DE7544697F}.Release|Any CPU.Build.0 = Release|Any CPU
		{43A676F3-3CC5-480C-B7E5-EC402AF0B74D}.Debug|Any CPU.ActiveCfg = Debug|Any CPU
		{43A676F3-3CC5-480C-B7E5-EC402AF0B74D}.Debug|Any CPU.Build.0 = Debug|Any CPU
		{43A676F3-3CC5-480C-B7E5-EC402AF0B74D}.Release|Any CPU.ActiveCfg = Release|Any CPU
		{43A676F3-3CC5-480C-B7E5-EC402AF0B74D}.Release|Any CPU.Build.0 = Release|Any CPU
		{B3038F2A-4D4C-450A-89CF-98948DB50BBB}.Debug|Any CPU.ActiveCfg = Debug|Any CPU
		{B3038F2A-4D4C-450A-89CF-98948DB50BBB}.Debug|Any CPU.Build.0 = Debug|Any CPU
		{B3038F2A-4D4C-450A-89CF-98948DB50BBB}.Release|Any CPU.ActiveCfg = Release|Any CPU
		{B3038F2A-4D4C-450A-89CF-98948DB50BBB}.Release|Any CPU.Build.0 = Release|Any CPU
		{3AE4BC5A-7598-481F-A895-4866F2DB07AE}.Debug|Any CPU.ActiveCfg = Debug|Any CPU
		{3AE4BC5A-7598-481F-A895-4866F2DB07AE}.Debug|Any CPU.Build.0 = Debug|Any CPU
		{3AE4BC5A-7598-481F-A895-4866F2DB07AE}.Release|Any CPU.ActiveCfg = Release|Any CPU
		{3AE4BC5A-7598-481F-A895-4866F2DB07AE}.Release|Any CPU.Build.0 = Release|Any CPU
		{2CA34555-947D-44D9-9BF4-0AF274627AFF}.Debug|Any CPU.ActiveCfg = Debug|Any CPU
		{2CA34555-947D-44D9-9BF4-0AF274627AFF}.Debug|Any CPU.Build.0 = Debug|Any CPU
		{2CA34555-947D-44D9-9BF4-0AF274627AFF}.Release|Any CPU.ActiveCfg = Release|Any CPU
		{2CA34555-947D-44D9-9BF4-0AF274627AFF}.Release|Any CPU.Build.0 = Release|Any CPU
		{705CE489-4D12-415E-8FF5-577EF334EE84}.Debug|Any CPU.ActiveCfg = Debug|Any CPU
		{705CE489-4D12-415E-8FF5-577EF334EE84}.Debug|Any CPU.Build.0 = Debug|Any CPU
		{705CE489-4D12-415E-8FF5-577EF334EE84}.Release|Any CPU.ActiveCfg = Release|Any CPU
		{705CE489-4D12-415E-8FF5-577EF334EE84}.Release|Any CPU.Build.0 = Release|Any CPU
		{F226E26A-3E26-4DD5-A1CB-48A54E78D17D}.Debug|Any CPU.ActiveCfg = Debug|Any CPU
		{F226E26A-3E26-4DD5-A1CB-48A54E78D17D}.Debug|Any CPU.Build.0 = Debug|Any CPU
		{F226E26A-3E26-4DD5-A1CB-48A54E78D17D}.Release|Any CPU.ActiveCfg = Release|Any CPU
		{F226E26A-3E26-4DD5-A1CB-48A54E78D17D}.Release|Any CPU.Build.0 = Release|Any CPU
		{AD8AE4D6-8D9F-49ED-A784-5ABF747BEFD4}.Debug|Any CPU.ActiveCfg = Debug|Any CPU
		{AD8AE4D6-8D9F-49ED-A784-5ABF747BEFD4}.Debug|Any CPU.Build.0 = Debug|Any CPU
		{AD8AE4D6-8D9F-49ED-A784-5ABF747BEFD4}.Release|Any CPU.ActiveCfg = Release|Any CPU
		{AD8AE4D6-8D9F-49ED-A784-5ABF747BEFD4}.Release|Any CPU.Build.0 = Release|Any CPU
		{40DEE3FF-C449-4270-9C5D-D18C4EC1AB50}.Debug|Any CPU.ActiveCfg = Debug|Any CPU
		{40DEE3FF-C449-4270-9C5D-D18C4EC1AB50}.Debug|Any CPU.Build.0 = Debug|Any CPU
		{40DEE3FF-C449-4270-9C5D-D18C4EC1AB50}.Release|Any CPU.ActiveCfg = Release|Any CPU
		{40DEE3FF-C449-4270-9C5D-D18C4EC1AB50}.Release|Any CPU.Build.0 = Release|Any CPU
		{4E8C6EF2-B990-4D0A-891D-379901EFC729}.Debug|Any CPU.ActiveCfg = Debug|Any CPU
		{4E8C6EF2-B990-4D0A-891D-379901EFC729}.Debug|Any CPU.Build.0 = Debug|Any CPU
		{4E8C6EF2-B990-4D0A-891D-379901EFC729}.Release|Any CPU.ActiveCfg = Release|Any CPU
		{4E8C6EF2-B990-4D0A-891D-379901EFC729}.Release|Any CPU.Build.0 = Release|Any CPU
		{91C81B6B-B29A-4150-BF69-C9D24C986C32}.Debug|Any CPU.ActiveCfg = Debug|Any CPU
		{91C81B6B-B29A-4150-BF69-C9D24C986C32}.Debug|Any CPU.Build.0 = Debug|Any CPU
		{91C81B6B-B29A-4150-BF69-C9D24C986C32}.Release|Any CPU.ActiveCfg = Release|Any CPU
		{91C81B6B-B29A-4150-BF69-C9D24C986C32}.Release|Any CPU.Build.0 = Release|Any CPU
		{AC476503-C4C2-4409-8580-8423DDA83A61}.Debug|Any CPU.ActiveCfg = Debug|Any CPU
		{AC476503-C4C2-4409-8580-8423DDA83A61}.Debug|Any CPU.Build.0 = Debug|Any CPU
		{AC476503-C4C2-4409-8580-8423DDA83A61}.Release|Any CPU.ActiveCfg = Release|Any CPU
		{AC476503-C4C2-4409-8580-8423DDA83A61}.Release|Any CPU.Build.0 = Release|Any CPU
		{5AE26168-8CA4-482A-B864-77ED9CA6E31F}.Debug|Any CPU.ActiveCfg = Debug|Any CPU
		{5AE26168-8CA4-482A-B864-77ED9CA6E31F}.Debug|Any CPU.Build.0 = Debug|Any CPU
		{5AE26168-8CA4-482A-B864-77ED9CA6E31F}.Release|Any CPU.ActiveCfg = Release|Any CPU
		{5AE26168-8CA4-482A-B864-77ED9CA6E31F}.Release|Any CPU.Build.0 = Release|Any CPU
		{7AC57948-0EF4-4865-8BF8-2F6CF51961BA}.Debug|Any CPU.ActiveCfg = Debug|Any CPU
		{7AC57948-0EF4-4865-8BF8-2F6CF51961BA}.Debug|Any CPU.Build.0 = Debug|Any CPU
		{7AC57948-0EF4-4865-8BF8-2F6CF51961BA}.Release|Any CPU.ActiveCfg = Release|Any CPU
		{7AC57948-0EF4-4865-8BF8-2F6CF51961BA}.Release|Any CPU.Build.0 = Release|Any CPU
		{6F855349-3EE5-42DF-ABB5-8859D40D17FD}.Debug|Any CPU.ActiveCfg = Debug|Any CPU
		{6F855349-3EE5-42DF-ABB5-8859D40D17FD}.Debug|Any CPU.Build.0 = Debug|Any CPU
		{6F855349-3EE5-42DF-ABB5-8859D40D17FD}.Release|Any CPU.ActiveCfg = Release|Any CPU
		{6F855349-3EE5-42DF-ABB5-8859D40D17FD}.Release|Any CPU.Build.0 = Release|Any CPU
		{4F37C1CB-5466-4C64-B3AE-A17836B271DC}.Debug|Any CPU.ActiveCfg = Debug|Any CPU
		{4F37C1CB-5466-4C64-B3AE-A17836B271DC}.Debug|Any CPU.Build.0 = Debug|Any CPU
		{4F37C1CB-5466-4C64-B3AE-A17836B271DC}.Release|Any CPU.ActiveCfg = Release|Any CPU
		{4F37C1CB-5466-4C64-B3AE-A17836B271DC}.Release|Any CPU.Build.0 = Release|Any CPU
		{E27CD802-401B-4A99-97B4-64A06AB2E253}.Debug|Any CPU.ActiveCfg = Debug|Any CPU
		{E27CD802-401B-4A99-97B4-64A06AB2E253}.Debug|Any CPU.Build.0 = Debug|Any CPU
		{E27CD802-401B-4A99-97B4-64A06AB2E253}.Release|Any CPU.ActiveCfg = Release|Any CPU
		{E27CD802-401B-4A99-97B4-64A06AB2E253}.Release|Any CPU.Build.0 = Release|Any CPU
	EndGlobalSection
	GlobalSection(SolutionProperties) = preSolution
		HideSolutionNode = FALSE
	EndGlobalSection
	GlobalSection(NestedProjects) = preSolution
		{EF609655-9931-4193-990A-3F9B71DE6157} = {B0AC178F-9264-467E-8067-64CBC64E5FDA}
		{81773A30-A62C-4E78-89E1-DE58EFF3790D} = {B0AC178F-9264-467E-8067-64CBC64E5FDA}
		{10A8FACA-81FE-4C07-96DA-4537B4DA07C3} = {B0AC178F-9264-467E-8067-64CBC64E5FDA}
		{43A676F3-3CC5-480C-B7E5-EC402AF0B74D} = {A149CCE5-E6A5-4E0E-800D-27B5C8540196}
		{B3038F2A-4D4C-450A-89CF-98948DB50BBB} = {A149CCE5-E6A5-4E0E-800D-27B5C8540196}
		{3AE4BC5A-7598-481F-A895-4866F2DB07AE} = {A149CCE5-E6A5-4E0E-800D-27B5C8540196}
		{2CA34555-947D-44D9-9BF4-0AF274627AFF} = {68D820D7-F879-4F04-9F5D-B18ED912B506}
		{705CE489-4D12-415E-8FF5-577EF334EE84} = {9C9F3A21-A7EE-4063-9E12-9D57559B84AE}
		{F226E26A-3E26-4DD5-A1CB-48A54E78D17D} = {BDE5C384-CA1E-43A9-B7B5-B602EFFFB1B4}
		{AD8AE4D6-8D9F-49ED-A784-5ABF747BEFD4} = {BDE5C384-CA1E-43A9-B7B5-B602EFFFB1B4}
		{40DEE3FF-C449-4270-9C5D-D18C4EC1AB50} = {BDE5C384-CA1E-43A9-B7B5-B602EFFFB1B4}
		{4E8C6EF2-B990-4D0A-891D-379901EFC729} = {2FA5321C-1061-4757-9AB7-5ED2D5C67836}
		{91C81B6B-B29A-4150-BF69-C9D24C986C32} = {A149CCE5-E6A5-4E0E-800D-27B5C8540196}
		{AC476503-C4C2-4409-8580-8423DDA83A61} = {2FA5321C-1061-4757-9AB7-5ED2D5C67836}
		{5AE26168-8CA4-482A-B864-77ED9CA6E31F} = {2FA5321C-1061-4757-9AB7-5ED2D5C67836}
		{7AC57948-0EF4-4865-8BF8-2F6CF51961BA} = {B0AC178F-9264-467E-8067-64CBC64E5FDA}
		{6F855349-3EE5-42DF-ABB5-8859D40D17FD} = {2FA5321C-1061-4757-9AB7-5ED2D5C67836}
		{4F37C1CB-5466-4C64-B3AE-A17836B271DC} = {9C9F3A21-A7EE-4063-9E12-9D57559B84AE}
		{E27CD802-401B-4A99-97B4-64A06AB2E253} = {BDE5C384-CA1E-43A9-B7B5-B602EFFFB1B4}
	EndGlobalSection
	GlobalSection(ExtensibilityGlobals) = postSolution
		SolutionGuid = {90F4CEF7-763E-4A1B-8539-EA3742745122}
	EndGlobalSection
EndGlobal
